
Microsoft Visual Studio Solution File, Format Version 12.00
# Visual Studio Version 17
VisualStudioVersion = 17.8.34330.188
MinimumVisualStudioVersion = 10.0.40219.1
Project("{9A19103F-16F7-4668-BE54-9A1E7A4F7556}") = "ContactList", "ContactList\ContactList.csproj", "{BA120521-38C9-4DF9-8ED7-53D1871B074F}"
EndProject
Global
	GlobalSection(SolutionConfigurationPlatforms) = preSolution
		Debug|Any CPU = Debug|Any CPU
		Release|Any CPU = Release|Any CPU
	EndGlobalSection
	GlobalSection(ProjectConfigurationPlatforms) = postSolution
		{BA120521-38C9-4DF9-8ED7-53D1871B074F}.Debug|Any CPU.ActiveCfg = Debug|Any CPU
		{BA120521-38C9-4DF9-8ED7-53D1871B074F}.Debug|Any CPU.Build.0 = Debug|Any CPU
		{BA120521-38C9-4DF9-8ED7-53D1871B074F}.Release|Any CPU.ActiveCfg = Release|Any CPU
		{BA120521-38C9-4DF9-8ED7-53D1871B074F}.Release|Any CPU.Build.0 = Release|Any CPU
	EndGlobalSection
	GlobalSection(SolutionProperties) = preSolution
		HideSolutionNode = FALSE
	EndGlobalSection
	GlobalSection(ExtensibilityGlobals) = postSolution
		SolutionGuid = {5EB99FB9-731C-45E9-B5C5-FBDF77323BD0}
	EndGlobalSection
EndGlobal
